
Microsoft Visual Studio Solution File, Format Version 12.00
# Visual Studio 2013
VisualStudioVersion = 12.0.21005.1
MinimumVisualStudioVersion = 10.0.40219.1
Project("{FAE04EC0-301F-11D3-BF4B-00C04F79EFBC}") = "EFApp", "EFApp\EFApp.csproj", "{E683E5F8-29FE-40AF-8180-63F7FBCAB371}"
EndProject
Project("{00D1A9C2-B5F0-4AF3-8072-F6C62B433612}") = "EFDB", "EFDB\EFDB.sqlproj", "{6A429E36-4DF8-47EC-BE10-0C5408366BBE}"
EndProject
Global
	GlobalSection(SolutionConfigurationPlatforms) = preSolution
		Debug|Any CPU = Debug|Any CPU
		Release|Any CPU = Release|Any CPU
	EndGlobalSection
	GlobalSection(ProjectConfigurationPlatforms) = postSolution
		{E683E5F8-29FE-40AF-8180-63F7FBCAB371}.Debug|Any CPU.ActiveCfg = Debug|Any CPU
		{E683E5F8-29FE-40AF-8180-63F7FBCAB371}.Debug|Any CPU.Build.0 = Debug|Any CPU
		{E683E5F8-29FE-40AF-8180-63F7FBCAB371}.Release|Any CPU.ActiveCfg = Release|Any CPU
		{E683E5F8-29FE-40AF-8180-63F7FBCAB371}.Release|Any CPU.Build.0 = Release|Any CPU
		{6A429E36-4DF8-47EC-BE10-0C5408366BBE}.Debug|Any CPU.ActiveCfg = Debug|Any CPU
		{6A429E36-4DF8-47EC-BE10-0C5408366BBE}.Debug|Any CPU.Build.0 = Debug|Any CPU
		{6A429E36-4DF8-47EC-BE10-0C5408366BBE}.Debug|Any CPU.Deploy.0 = Debug|Any CPU
		{6A429E36-4DF8-47EC-BE10-0C5408366BBE}.Release|Any CPU.ActiveCfg = Release|Any CPU
		{6A429E36-4DF8-47EC-BE10-0C5408366BBE}.Release|Any CPU.Build.0 = Release|Any CPU
		{6A429E36-4DF8-47EC-BE10-0C5408366BBE}.Release|Any CPU.Deploy.0 = Release|Any CPU
	EndGlobalSection
	GlobalSection(SolutionProperties) = preSolution
		HideSolutionNode = FALSE
	EndGlobalSection
EndGlobal
